
Microsoft Visual Studio Solution File, Format Version 12.00
# Visual Studio Version 17
VisualStudioVersion = 17.0.31903.59
MinimumVisualStudioVersion = 10.0.40219.1
Project("{FAE04EC0-301F-11D3-BF4B-00C04F79EFBC}") = "RestFullApi.WebApi", "RestFullApi.WebApi\RestFullApi.WebApi.csproj", "{4401656F-B4BF-4453-A566-FAAFA7CAC572}"
EndProject
Project("{FAE04EC0-301F-11D3-BF4B-00C04F79EFBC}") = "RestFull.BFFApi", "RestFull.BFFApi\RestFull.BFFApi.csproj", "{FA2915A0-1BA3-40C0-8691-4EFBD1FF98F1}"
EndProject
Project("{FAE04EC0-301F-11D3-BF4B-00C04F79EFBC}") = "RestFullApi.AppHost", "RestFullApi.AppHost\RestFullApi.AppHost.csproj", "{08FAD9C8-30DC-4115-ABDE-52F0B1936ECA}"
EndProject
Project("{FAE04EC0-301F-11D3-BF4B-00C04F79EFBC}") = "RestFullApi.ServiceDefaults", "RestFullApi.ServiceDefaults\RestFullApi.ServiceDefaults.csproj", "{A2A9C137-5AB4-4A44-BB21-EB4F3B0D9A7B}"
EndProject
Project("{FAE04EC0-301F-11D3-BF4B-00C04F79EFBC}") = "RestFullApi.Web", "RestFullApi.Web\RestFullApi.Web.csproj", "{C0D3A0B3-C1C9-4A95-8710-FD88B03FFF45}"
EndProject
Project("{FAE04EC0-301F-11D3-BF4B-00C04F79EFBC}") = "RestFull.CommandApi", "RestFull.CommandApi\RestFull.CommandApi.csproj", "{DE0FBA2F-ABF2-4FE7-853E-D601A014FBC1}"
EndProject
Project("{2150E333-8FDC-42A3-9474-1A3956D46DE8}") = "0 - Aspire", "0 - Aspire", "{40A58D46-F2B2-4BE7-BCA3-3450B13B69DA}"
EndProject
Project("{2150E333-8FDC-42A3-9474-1A3956D46DE8}") = "1 - Api", "1 - Api", "{15D598ED-1566-4259-9069-44ADC765D8B5}"
EndProject
Project("{2150E333-8FDC-42A3-9474-1A3956D46DE8}") = "2 - WebApp", "2 - WebApp", "{034E84B6-40CF-4355-8240-5A060775ACE4}"
EndProject
Project("{2150E333-8FDC-42A3-9474-1A3956D46DE8}") = "3 - Domain", "3 - Domain", "{600768DE-B418-455C-BD05-E364E829A20B}"
EndProject
Project("{FAE04EC0-301F-11D3-BF4B-00C04F79EFBC}") = "RestFull.Domain.Core", "RestFull.Domain.Core\RestFull.Domain.Core.csproj", "{1A8B6843-1811-45FA-958C-A24E24E8384E}"
EndProject
Project("{FAE04EC0-301F-11D3-BF4B-00C04F79EFBC}") = "RestFull.Domain.Infra", "RestFull.Domain.Infra\RestFull.Domain.Infra.csproj", "{EACCFF62-8395-41D2-B43D-4140CDFFA5EC}"
EndProject
Project("{FAE04EC0-301F-11D3-BF4B-00C04F79EFBC}") = "RestFullApi.Domain.Infra.MigrationService", "RestFullApi.Domain.Infra.MigrationService\RestFullApi.Domain.Infra.MigrationService.csproj", "{DAD36B47-C4DD-44D1-8EA3-40F3A6ACBADC}"
EndProject
Project("{2150E333-8FDC-42A3-9474-1A3956D46DE8}") = "4 - Services", "4 - Services", "{BB38FEB9-294F-49F0-8DC2-3CA28695E869}"
EndProject
Project("{FAE04EC0-301F-11D3-BF4B-00C04F79EFBC}") = "RestFull.CommandService", "RestFull.CommandService\RestFull.CommandService.csproj", "{6050F860-5C70-4FE3-82AE-87602E41355D}"
EndProject
Project("{FAE04EC0-301F-11D3-BF4B-00C04F79EFBC}") = "RestFull.QueryService", "RestFull.QueryService\RestFull.QueryService.csproj", "{237D4EAB-AF03-4D95-BC76-1A73DC57EF02}"
EndProject
Project("{2150E333-8FDC-42A3-9474-1A3956D46DE8}") = "5 - Infra", "5 - Infra", "{6035E239-FA53-42B0-A1A9-C2B910A76A66}"
EndProject
Project("{2150E333-8FDC-42A3-9474-1A3956D46DE8}") = "realms", "realms", "{ECAEF1E5-9856-42A9-A317-9EB0767F98DE}"
	ProjectSection(SolutionItems) = preProject
		realms\realm.json = realms\realm.json
	EndProjectSection
EndProject
Global
	GlobalSection(SolutionConfigurationPlatforms) = preSolution
		Debug|Any CPU = Debug|Any CPU
		Release|Any CPU = Release|Any CPU
	EndGlobalSection
	GlobalSection(ProjectConfigurationPlatforms) = postSolution
		{4401656F-B4BF-4453-A566-FAAFA7CAC572}.Debug|Any CPU.ActiveCfg = Debug|Any CPU
		{4401656F-B4BF-4453-A566-FAAFA7CAC572}.Debug|Any CPU.Build.0 = Debug|Any CPU
		{4401656F-B4BF-4453-A566-FAAFA7CAC572}.Release|Any CPU.ActiveCfg = Release|Any CPU
		{4401656F-B4BF-4453-A566-FAAFA7CAC572}.Release|Any CPU.Build.0 = Release|Any CPU
		{FA2915A0-1BA3-40C0-8691-4EFBD1FF98F1}.Debug|Any CPU.ActiveCfg = Debug|Any CPU
		{FA2915A0-1BA3-40C0-8691-4EFBD1FF98F1}.Debug|Any CPU.Build.0 = Debug|Any CPU
		{FA2915A0-1BA3-40C0-8691-4EFBD1FF98F1}.Release|Any CPU.ActiveCfg = Release|Any CPU
		{FA2915A0-1BA3-40C0-8691-4EFBD1FF98F1}.Release|Any CPU.Build.0 = Release|Any CPU
		{08FAD9C8-30DC-4115-ABDE-52F0B1936ECA}.Debug|Any CPU.ActiveCfg = Debug|Any CPU
		{08FAD9C8-30DC-4115-ABDE-52F0B1936ECA}.Debug|Any CPU.Build.0 = Debug|Any CPU
		{08FAD9C8-30DC-4115-ABDE-52F0B1936ECA}.Release|Any CPU.ActiveCfg = Release|Any CPU
		{08FAD9C8-30DC-4115-ABDE-52F0B1936ECA}.Release|Any CPU.Build.0 = Release|Any CPU
		{A2A9C137-5AB4-4A44-BB21-EB4F3B0D9A7B}.Debug|Any CPU.ActiveCfg = Debug|Any CPU
		{A2A9C137-5AB4-4A44-BB21-EB4F3B0D9A7B}.Debug|Any CPU.Build.0 = Debug|Any CPU
		{A2A9C137-5AB4-4A44-BB21-EB4F3B0D9A7B}.Release|Any CPU.ActiveCfg = Release|Any CPU
		{A2A9C137-5AB4-4A44-BB21-EB4F3B0D9A7B}.Release|Any CPU.Build.0 = Release|Any CPU
		{C0D3A0B3-C1C9-4A95-8710-FD88B03FFF45}.Debug|Any CPU.ActiveCfg = Debug|Any CPU
		{C0D3A0B3-C1C9-4A95-8710-FD88B03FFF45}.Debug|Any CPU.Build.0 = Debug|Any CPU
		{C0D3A0B3-C1C9-4A95-8710-FD88B03FFF45}.Release|Any CPU.ActiveCfg = Release|Any CPU
		{C0D3A0B3-C1C9-4A95-8710-FD88B03FFF45}.Release|Any CPU.Build.0 = Release|Any CPU
		{DE0FBA2F-ABF2-4FE7-853E-D601A014FBC1}.Debug|Any CPU.ActiveCfg = Debug|Any CPU
		{DE0FBA2F-ABF2-4FE7-853E-D601A014FBC1}.Debug|Any CPU.Build.0 = Debug|Any CPU
		{DE0FBA2F-ABF2-4FE7-853E-D601A014FBC1}.Release|Any CPU.ActiveCfg = Release|Any CPU
		{DE0FBA2F-ABF2-4FE7-853E-D601A014FBC1}.Release|Any CPU.Build.0 = Release|Any CPU
		{1A8B6843-1811-45FA-958C-A24E24E8384E}.Debug|Any CPU.ActiveCfg = Debug|Any CPU
		{1A8B6843-1811-45FA-958C-A24E24E8384E}.Debug|Any CPU.Build.0 = Debug|Any CPU
		{1A8B6843-1811-45FA-958C-A24E24E8384E}.Release|Any CPU.ActiveCfg = Release|Any CPU
		{1A8B6843-1811-45FA-958C-A24E24E8384E}.Release|Any CPU.Build.0 = Release|Any CPU
		{EACCFF62-8395-41D2-B43D-4140CDFFA5EC}.Debug|Any CPU.ActiveCfg = Debug|Any CPU
		{EACCFF62-8395-41D2-B43D-4140CDFFA5EC}.Debug|Any CPU.Build.0 = Debug|Any CPU
		{EACCFF62-8395-41D2-B43D-4140CDFFA5EC}.Release|Any CPU.ActiveCfg = Release|Any CPU
		{EACCFF62-8395-41D2-B43D-4140CDFFA5EC}.Release|Any CPU.Build.0 = Release|Any CPU
		{DAD36B47-C4DD-44D1-8EA3-40F3A6ACBADC}.Debug|Any CPU.ActiveCfg = Debug|Any CPU
		{DAD36B47-C4DD-44D1-8EA3-40F3A6ACBADC}.Debug|Any CPU.Build.0 = Debug|Any CPU
		{DAD36B47-C4DD-44D1-8EA3-40F3A6ACBADC}.Release|Any CPU.ActiveCfg = Release|Any CPU
		{DAD36B47-C4DD-44D1-8EA3-40F3A6ACBADC}.Release|Any CPU.Build.0 = Release|Any CPU
		{6050F860-5C70-4FE3-82AE-87602E41355D}.Debug|Any CPU.ActiveCfg = Debug|Any CPU
		{6050F860-5C70-4FE3-82AE-87602E41355D}.Debug|Any CPU.Build.0 = Debug|Any CPU
		{6050F860-5C70-4FE3-82AE-87602E41355D}.Release|Any CPU.ActiveCfg = Release|Any CPU
		{6050F860-5C70-4FE3-82AE-87602E41355D}.Release|Any CPU.Build.0 = Release|Any CPU
		{237D4EAB-AF03-4D95-BC76-1A73DC57EF02}.Debug|Any CPU.ActiveCfg = Debug|Any CPU
		{237D4EAB-AF03-4D95-BC76-1A73DC57EF02}.Debug|Any CPU.Build.0 = Debug|Any CPU
		{237D4EAB-AF03-4D95-BC76-1A73DC57EF02}.Release|Any CPU.ActiveCfg = Release|Any CPU
		{237D4EAB-AF03-4D95-BC76-1A73DC57EF02}.Release|Any CPU.Build.0 = Release|Any CPU
	EndGlobalSection
	GlobalSection(SolutionProperties) = preSolution
		HideSolutionNode = FALSE
	EndGlobalSection
	GlobalSection(NestedProjects) = preSolution
		{4401656F-B4BF-4453-A566-FAAFA7CAC572} = {15D598ED-1566-4259-9069-44ADC765D8B5}
		{FA2915A0-1BA3-40C0-8691-4EFBD1FF98F1} = {15D598ED-1566-4259-9069-44ADC765D8B5}
		{08FAD9C8-30DC-4115-ABDE-52F0B1936ECA} = {40A58D46-F2B2-4BE7-BCA3-3450B13B69DA}
		{A2A9C137-5AB4-4A44-BB21-EB4F3B0D9A7B} = {40A58D46-F2B2-4BE7-BCA3-3450B13B69DA}
		{C0D3A0B3-C1C9-4A95-8710-FD88B03FFF45} = {034E84B6-40CF-4355-8240-5A060775ACE4}
		{DE0FBA2F-ABF2-4FE7-853E-D601A014FBC1} = {15D598ED-1566-4259-9069-44ADC765D8B5}
		{1A8B6843-1811-45FA-958C-A24E24E8384E} = {600768DE-B418-455C-BD05-E364E829A20B}
		{EACCFF62-8395-41D2-B43D-4140CDFFA5EC} = {6035E239-FA53-42B0-A1A9-C2B910A76A66}
		{DAD36B47-C4DD-44D1-8EA3-40F3A6ACBADC} = {6035E239-FA53-42B0-A1A9-C2B910A76A66}
		{6050F860-5C70-4FE3-82AE-87602E41355D} = {BB38FEB9-294F-49F0-8DC2-3CA28695E869}
		{237D4EAB-AF03-4D95-BC76-1A73DC57EF02} = {BB38FEB9-294F-49F0-8DC2-3CA28695E869}
	EndGlobalSection
EndGlobal
